Microsoft Visual Studio Solution File, Format Version 12.00
# Visual Studio Version 17
VisualStudioVersion = 17.5.2.0
MinimumVisualStudioVersion = 10.0.40219.1
Project("{FAE04EC0-301F-11D3-BF4B-00C04F79EFBC}") = "WolfRender-raylib", "WolfRender-raylib.csproj", "{D2211ECD-B585-0950-BF33-02EB3649F761}"
EndProject
Project("{FAE04EC0-301F-11D3-BF4B-00C04F79EFBC}") = "rlImGui", "..\rlImGui-cs\rlImGui\rlImGui.csproj", "{5563A208-09E4-4D1F-BFA3-12F322544299}"
EndProject
Global
	GlobalSection(SolutionConfigurationPlatforms) = preSolution
		Debug|Any CPU = Debug|Any CPU
		Release|Any CPU = Release|Any CPU
	EndGlobalSection
	GlobalSection(ProjectConfigurationPlatforms) = postSolution
		{D2211ECD-B585-0950-BF33-02EB3649F761}.Debug|Any CPU.ActiveCfg = Debug|Any CPU
		{D2211ECD-B585-0950-BF33-02EB3649F761}.Debug|Any CPU.Build.0 = Debug|Any CPU
		{D2211ECD-B585-0950-BF33-02EB3649F761}.Release|Any CPU.ActiveCfg = Release|Any CPU
		{D2211ECD-B585-0950-BF33-02EB3649F761}.Release|Any CPU.Build.0 = Release|Any CPU
		{5563A208-09E4-4D1F-BFA3-12F322544299}.Debug|Any CPU.ActiveCfg = Debug|Any CPU
		{5563A208-09E4-4D1F-BFA3-12F322544299}.Debug|Any CPU.Build.0 = Debug|Any CPU
		{5563A208-09E4-4D1F-BFA3-12F322544299}.Release|Any CPU.ActiveCfg = Release|Any CPU
		{5563A208-09E4-4D1F-BFA3-12F322544299}.Release|Any CPU.Build.0 = Release|Any CPU
	EndGlobalSection
	GlobalSection(SolutionProperties) = preSolution
		HideSolutionNode = FALSE
	EndGlobalSection
	GlobalSection(ExtensibilityGlobals) = postSolution
		SolutionGuid = {55A200A4-8C3D-43A9-A953-9BD6EA7CB9E7}
	EndGlobalSection
EndGlobal
